{
  "originHash" : "eec4141e9d9c1baf6b1df8bb81cec1f6c00fd1825f63377feef24c6d99a75739",
  "pins" : [
    {
      "identity" : "parallaxswiftui",
      "kind" : "remoteSourceControl",
      "location" : "https://github.com/Priva28/ParallaxSwiftUI",
      "state" : {
        "revision" : "b2bde7ec73e2d6f3d960aa14a125bd9f1f7fa605",
        "version" : "1.0.5"
      }
    },
    {
      "identity" : "purchases-ios-spm",
      "kind" : "remoteSourceControl",
      "location" : "https://github.com/RevenueCat/purchases-ios-spm.git",
      "state" : {
        "revision" : "e45bb84b726885492ce4e7ee94ddb252d171a205",
        "version" : "5.92.0"
      }
    },
    {
      "identity" : "sdwebimage",
      "kind" : "remoteSourceControl",
      "location" : "https://github.com/SDWebImage/SDWebImage.git",
      "state" : {
        "revision" : "2de3a496eaf6df9a1312862adcfd54acd73c39c0",
        "version" : "5.21.7"
      }
    },
    {
      "identity" : "sdwebimageswiftui",
      "kind" : "remoteSourceControl",
      "location" : "https://github.com/SDWebImage/SDWebImageSwiftUI",
      "state" : {
        "revision" : "0e331457ca9af2f0b08bcaa138a91ffb907b004f",
        "version" : "3.1.4"
      }
    }
  ],
  "version" : 3
}
